
Microsoft Visual Studio Solution File, Format Version 12.00
# Visual Studio 14
VisualStudioVersion = 14.0.25420.1
MinimumVisualStudioVersion = 10.0.40219.1
Project("{DA7A21FA-8162-4350-AD77-A8D1B671F3ED}") = "Data Science Capstone", "Data Science Capstone\Data Science Capstone.rxproj", "{B0CFFCD4-A609-49E8-B243-1CB0D412A7EF}"
EndProject
Global
	GlobalSection(SolutionConfigurationPlatforms) = preSolution
		Debug|Any CPU = Debug|Any CPU
		Release|Any CPU = Release|Any CPU
	EndGlobalSection
	GlobalSection(ProjectConfigurationPlatforms) = postSolution
		{B0CFFCD4-A609-49E8-B243-1CB0D412A7EF}.Debug|Any CPU.ActiveCfg = Debug|Any CPU
		{B0CFFCD4-A609-49E8-B243-1CB0D412A7EF}.Debug|Any CPU.Build.0 = Debug|Any CPU
		{B0CFFCD4-A609-49E8-B243-1CB0D412A7EF}.Release|Any CPU.ActiveCfg = Release|Any CPU
		{B0CFFCD4-A609-49E8-B243-1CB0D412A7EF}.Release|Any CPU.Build.0 = Release|Any CPU
	EndGlobalSection
	GlobalSection(SolutionProperties) = preSolution
		HideSolutionNode = FALSE
	EndGlobalSection
EndGlobal
